
Microsoft Visual Studio Solution File, Format Version 12.00
Project("{FAE04EC0-301F-11D3-BF4B-00C04F79EFBC}") = "Core", "Core\Core.csproj", "{1544D632-C819-48C8-A718-5B69B6D86CD3}"
EndProject
Project("{FAE04EC0-301F-11D3-BF4B-00C04F79EFBC}") = "Infrastructure", "Infrastructure\Infrastructure.csproj", "{76E17339-F6AB-4F48-9EE9-36A3EF40D97F}"
EndProject
Project("{FAE04EC0-301F-11D3-BF4B-00C04F79EFBC}") = "Application", "Application\Application.csproj", "{7C20FF3A-8630-477F-A523-E7FC2FAE5441}"
EndProject
Project("{2150E333-8FDC-42A3-9474-1A3956D46DE8}") = "src", "src", "{A1F45C02-B2BA-46EF-8126-FDDC13EDB47F}"
EndProject
Project("{2150E333-8FDC-42A3-9474-1A3956D46DE8}") = "tests", "tests", "{348B1076-0E52-47D6-B910-83FD5DAAE389}"
EndProject
Project("{FAE04EC0-301F-11D3-BF4B-00C04F79EFBC}") = "Core.Tests", "Core.Tests\Core.Tests.csproj", "{FB201021-1486-41BD-8F77-068458131498}"
EndProject
Project("{FAE04EC0-301F-11D3-BF4B-00C04F79EFBC}") = "Application.Tests", "Application.Tests\Application.Tests.csproj", "{3992563D-2BEF-4635-8470-CE839F70020B}"
EndProject
Project("{FAE04EC0-301F-11D3-BF4B-00C04F79EFBC}") = "Infrastructure.Tests", "Infrastructure.Tests\Infrastructure.Tests.csproj", "{65D95D1D-6ED2-48FF-A0E6-5CF588375F57}"
EndProject
Global
	GlobalSection(SolutionConfigurationPlatforms) = preSolution
		Debug|Any CPU = Debug|Any CPU
		Release|Any CPU = Release|Any CPU
	EndGlobalSection
	GlobalSection(ProjectConfigurationPlatforms) = postSolution
		{1544D632-C819-48C8-A718-5B69B6D86CD3}.Debug|Any CPU.ActiveCfg = Debug|Any CPU
		{1544D632-C819-48C8-A718-5B69B6D86CD3}.Debug|Any CPU.Build.0 = Debug|Any CPU
		{1544D632-C819-48C8-A718-5B69B6D86CD3}.Release|Any CPU.ActiveCfg = Release|Any CPU
		{1544D632-C819-48C8-A718-5B69B6D86CD3}.Release|Any CPU.Build.0 = Release|Any CPU
		{76E17339-F6AB-4F48-9EE9-36A3EF40D97F}.Debug|Any CPU.ActiveCfg = Debug|Any CPU
		{76E17339-F6AB-4F48-9EE9-36A3EF40D97F}.Debug|Any CPU.Build.0 = Debug|Any CPU
		{76E17339-F6AB-4F48-9EE9-36A3EF40D97F}.Release|Any CPU.ActiveCfg = Release|Any CPU
		{76E17339-F6AB-4F48-9EE9-36A3EF40D97F}.Release|Any CPU.Build.0 = Release|Any CPU
		{7C20FF3A-8630-477F-A523-E7FC2FAE5441}.Debug|Any CPU.ActiveCfg = Debug|Any CPU
		{7C20FF3A-8630-477F-A523-E7FC2FAE5441}.Debug|Any CPU.Build.0 = Debug|Any CPU
		{7C20FF3A-8630-477F-A523-E7FC2FAE5441}.Release|Any CPU.ActiveCfg = Release|Any CPU
		{7C20FF3A-8630-477F-A523-E7FC2FAE5441}.Release|Any CPU.Build.0 = Release|Any CPU
		{FB201021-1486-41BD-8F77-068458131498}.Debug|Any CPU.ActiveCfg = Debug|Any CPU
		{FB201021-1486-41BD-8F77-068458131498}.Debug|Any CPU.Build.0 = Debug|Any CPU
		{FB201021-1486-41BD-8F77-068458131498}.Release|Any CPU.ActiveCfg = Release|Any CPU
		{FB201021-1486-41BD-8F77-068458131498}.Release|Any CPU.Build.0 = Release|Any CPU
		{3992563D-2BEF-4635-8470-CE839F70020B}.Debug|Any CPU.ActiveCfg = Debug|Any CPU
		{3992563D-2BEF-4635-8470-CE839F70020B}.Debug|Any CPU.Build.0 = Debug|Any CPU
		{3992563D-2BEF-4635-8470-CE839F70020B}.Release|Any CPU.ActiveCfg = Release|Any CPU
		{3992563D-2BEF-4635-8470-CE839F70020B}.Release|Any CPU.Build.0 = Release|Any CPU
		{65D95D1D-6ED2-48FF-A0E6-5CF588375F57}.Debug|Any CPU.ActiveCfg = Debug|Any CPU
		{65D95D1D-6ED2-48FF-A0E6-5CF588375F57}.Debug|Any CPU.Build.0 = Debug|Any CPU
		{65D95D1D-6ED2-48FF-A0E6-5CF588375F57}.Release|Any CPU.ActiveCfg = Release|Any CPU
		{65D95D1D-6ED2-48FF-A0E6-5CF588375F57}.Release|Any CPU.Build.0 = Release|Any CPU
	EndGlobalSection
	GlobalSection(NestedProjects) = preSolution
		{7C20FF3A-8630-477F-A523-E7FC2FAE5441} = {A1F45C02-B2BA-46EF-8126-FDDC13EDB47F}
		{1544D632-C819-48C8-A718-5B69B6D86CD3} = {A1F45C02-B2BA-46EF-8126-FDDC13EDB47F}
		{76E17339-F6AB-4F48-9EE9-36A3EF40D97F} = {A1F45C02-B2BA-46EF-8126-FDDC13EDB47F}
		{FB201021-1486-41BD-8F77-068458131498} = {348B1076-0E52-47D6-B910-83FD5DAAE389}
		{3992563D-2BEF-4635-8470-CE839F70020B} = {348B1076-0E52-47D6-B910-83FD5DAAE389}
		{65D95D1D-6ED2-48FF-A0E6-5CF588375F57} = {348B1076-0E52-47D6-B910-83FD5DAAE389}
	EndGlobalSection
EndGlobal
